// !$*UTF8*$!
{
	archiveVersion = 1;
	classes = {
	};
	objectVersion = 55;
	objects = {

/* Begin PBXBuildFile section */
		CBAB3ECC280CDE430055CF3A /* PeopleAppChallengeApp.swift in Sources */ = {isa = PBXBuildFile; fileRef = CBAB3ECB280CDE430055CF3A /* PeopleAppChallengeApp.swift */; };
		CBAB3ECE280CDE430055CF3A /* PeopleTabView.swift in Sources */ = {isa = PBXBuildFile; fileRef = CBAB3ECD280CDE430055CF3A /* PeopleTabView.swift */; };
		CBAB3ED0280CDE450055CF3A /* Assets.xcassets in Resources */ = {isa = PBXBuildFile; fileRef = CBAB3ECF280CDE450055CF3A /* Assets.xcassets */; };
		CBAB3ED3280CDE450055CF3A /* Preview Assets.xcassets in Resources */ = {isa = PBXBuildFile; fileRef = CBAB3ED2280CDE450055CF3A /* Preview Assets.xcassets */; };
		CBAB3EDE280CDF550055CF3A /* People.swift in Sources */ = {isa = PBXBuildFile; fileRef = CBAB3EDD280CDF550055CF3A /* People.swift */; };
		CBAB3EE1280CE0300055CF3A /* data.json in Resources */ = {isa = PBXBuildFile; fileRef = CBAB3EE0280CE0300055CF3A /* data.json */; };
		CBAB3EE3280CE1160055CF3A /* DataService.swift in Sources */ = {isa = PBXBuildFile; fileRef = CBAB3EE2280CE1160055CF3A /* DataService.swift */; };
		CBAB3EE5280CE26D0055CF3A /* PeopleModel.swift in Sources */ = {isa = PBXBuildFile; fileRef = CBAB3EE4280CE26D0055CF3A /* PeopleModel.swift */; };
		CBAB3EE7280CE3F20055CF3A /* PeopleListView.swift in Sources */ = {isa = PBXBuildFile; fileRef = CBAB3EE6280CE3F20055CF3A /* PeopleListView.swift */; };
		CBAB3EEB280CED010055CF3A /* DisplayModel.swift in Sources */ = {isa = PBXBuildFile; fileRef = CBAB3EEA280CED010055CF3A /* DisplayModel.swift */; };
/* End PBXBuildFile section */

/* Begin PBXFileReference section */
		CBAB3EC8280CDE430055CF3A /* PeopleAppChallenge.app */ = {isa = PBXFileReference; explicitFileType = wrapper.application; includeInIndex = 0; path = PeopleAppChallenge.app; sourceTree = BUILT_PRODUCTS_DIR; };
		CBAB3ECB280CDE430055CF3A /* PeopleAppChallengeApp.swift */ = {isa = PBXFileReference; lastKnownFileType = sourcecode.swift; path = PeopleAppChallengeApp.swift; sourceTree = "<group>"; };
		CBAB3ECD280CDE430055CF3A /* PeopleTabView.swift */ = {isa = PBXFileReference; lastKnownFileType = sourcecode.swift; path = PeopleTabView.swift; sourceTree = "<group>"; };
		CBAB3ECF280CDE450055CF3A /* Assets.xcassets */ = {isa = PBXFileReference; lastKnownFileType = folder.assetcatalog; path = Assets.xcassets; sourceTree = "<group>"; };
		CBAB3ED2280CDE450055CF3A /* Preview Assets.xcassets */ = {isa = PBXFileReference; lastKnownFileType = folder.assetcatalog; path = "Preview Assets.xcassets"; sourceTree = "<group>"; };
		CBAB3EDD280CDF550055CF3A /* People.swift */ = {isa = PBXFileReference; lastKnownFileType = sourcecode.swift; path = People.swift; sourceTree = "<group>"; };
		CBAB3EE0280CE0300055CF3A /* data.json */ = {isa = PBXFileReference; lastKnownFileType = text.json; path = data.json; sourceTree = "<group>"; };
		CBAB3EE2280CE1160055CF3A /* DataService.swift */ = {isa = PBXFileReference; lastKnownFileType = sourcecode.swift; path = DataService.swift; sourceTree = "<group>"; };
		CBAB3EE4280CE26D0055CF3A /* PeopleModel.swift */ = {isa = PBXFileReference; lastKnownFileType = sourcecode.swift; path = PeopleModel.swift; sourceTree = "<group>"; };
		CBAB3EE6280CE3F20055CF3A /* PeopleListView.swift */ = {isa = PBXFileReference; lastKnownFileType = sourcecode.swift; path = PeopleListView.swift; sourceTree = "<group>"; };
		CBAB3EEA280CED010055CF3A /* DisplayModel.swift */ = {isa = PBXFileReference; lastKnownFileType = sourcecode.swift; path = DisplayModel.swift; sourceTree = "<group>"; };
/* End PBXFileReference section */

/* Begin PBXFrameworksBuildPhase section */
		CBAB3EC5280CDE430055CF3A /* Frameworks */ = {
			isa = PBXFrameworksBuildPhase;
			buildActionMask = 2147483647;
			files = (
			);
			runOnlyForDeploymentPostprocessing = 0;
		};
/* End PBXFrameworksBuildPhase section */

/* Begin PBXGroup section */
		CBAB3EBF280CDE430055CF3A = {
			isa = PBXGroup;
			children = (
				CBAB3ECA280CDE430055CF3A /* PeopleAppChallenge */,
				CBAB3EC9280CDE430055CF3A /* Products */,
			);
			sourceTree = "<group>";
		};
		CBAB3EC9280CDE430055CF3A /* Products */ = {
			isa = PBXGroup;
			children = (
				CBAB3EC8280CDE430055CF3A /* PeopleAppChallenge.app */,
			);
			name = Products;
			sourceTree = "<group>";
		};
		CBAB3ECA280CDE430055CF3A /* PeopleAppChallenge */ = {
			isa = PBXGroup;
			children = (
				CBAB3ECB280CDE430055CF3A /* PeopleAppChallengeApp.swift */,
				CBAB3ED9280CDE4F0055CF3A /* View */,
				CBAB3EDB280CDE590055CF3A /* Model */,
				CBAB3EDA280CDE530055CF3A /* ViewModel */,
				CBAB3EDC280CDE710055CF3A /* Data */,
				CBAB3EDF280CE01F0055CF3A /* Services */,
				CBAB3ECF280CDE450055CF3A /* Assets.xcassets */,
				CBAB3ED1280CDE450055CF3A /* Preview Content */,
			);
			path = PeopleAppChallenge;
			sourceTree = "<group>";
		};
		CBAB3ED1280CDE450055CF3A /* Preview Content */ = {
			isa = PBXGroup;
			children = (
				CBAB3ED2280CDE450055CF3A /* Preview Assets.xcassets */,
			);
			path = "Preview Content";
			sourceTree = "<group>";
		};
		CBAB3ED9280CDE4F0055CF3A /* View */ = {
			isa = PBXGroup;
			children = (
				CBAB3ECD280CDE430055CF3A /* PeopleTabView.swift */,
				CBAB3EE6280CE3F20055CF3A /* PeopleListView.swift */,
			);
			path = View;
			sourceTree = "<group>";
		};
		CBAB3EDA280CDE530055CF3A /* ViewModel */ = {
			isa = PBXGroup;
			children = (
				CBAB3EE4280CE26D0055CF3A /* PeopleModel.swift */,
				CBAB3EEA280CED010055CF3A /* DisplayModel.swift */,
			);
			path = ViewModel;
			sourceTree = "<group>";
		};
		CBAB3EDB280CDE590055CF3A /* Model */ = {
			isa = PBXGroup;
			children = (
				CBAB3EDD280CDF550055CF3A /* People.swift */,
			);
			path = Model;
			sourceTree = "<group>";
		};
		CBAB3EDC280CDE710055CF3A /* Data */ = {
			isa = PBXGroup;
			children = (
				CBAB3EE0280CE0300055CF3A /* data.json */,
			);
			path = Data;
			sourceTree = "<group>";
		};
		CBAB3EDF280CE01F0055CF3A /* Services */ = {
			isa = PBXGroup;
			children = (
				CBAB3EE2280CE1160055CF3A /* DataService.swift */,
			);
			path = Services;
			sourceTree = "<group>";
		};
/* End PBXGroup section */

/* Begin PBXNativeTarget section */
		CBAB3EC7280CDE430055CF3A /* PeopleAppChallenge */ = {
			isa = PBXNativeTarget;
			buildConfigurationList = CBAB3ED6280CDE450055CF3A /* Build configuration list for PBXNativeTarget "PeopleAppChallenge" */;
			buildPhases = (
				CBAB3EC4280CDE430055CF3A /* Sources */,
				CBAB3EC5280CDE430055CF3A /* Frameworks */,
				CBAB3EC6280CDE430055CF3A /* Resources */,
			);
			buildRules = (
			);
			dependencies = (
			);
			name = PeopleAppChallenge;
			productName = PeopleAppChallenge;
			productReference = CBAB3EC8280CDE430055CF3A /* PeopleAppChallenge.app */;
			productType = "com.apple.product-type.application";
		};
/* End PBXNativeTarget section */

/* Begin PBXProject section */
		CBAB3EC0280CDE430055CF3A /* Project object */ = {
			isa = PBXProject;
			attributes = {
				BuildIndependentTargetsInParallel = 1;
				LastSwiftUpdateCheck = 1330;
				LastUpgradeCheck = 1330;
				TargetAttributes = {
					CBAB3EC7280CDE430055CF3A = {
						CreatedOnToolsVersion = 13.3.1;
					};
				};
			};
			buildConfigurationList = CBAB3EC3280CDE430055CF3A /* Build configuration list for PBXProject "PeopleAppChallenge" */;
			compatibilityVersion = "Xcode 13.0";
			developmentRegion = en;
			hasScannedForEncodings = 0;
			knownRegions = (
				en,
				Base,
			);
			mainGroup = CBAB3EBF280CDE430055CF3A;
			productRefGroup = CBAB3EC9280CDE430055CF3A /* Products */;
			projectDirPath = "";
			projectRoot = "";
			targets = (
				CBAB3EC7280CDE430055CF3A /* PeopleAppChallenge */,
			);
		};
/* End PBXProject section */

/* Begin PBXResourcesBuildPhase section */
		CBAB3EC6280CDE430055CF3A /* Resources */ = {
			isa = PBXResourcesBuildPhase;
			buildActionMask = 2147483647;
			files = (
				CBAB3ED3280CDE450055CF3A /* Preview Assets.xcassets in Resources */,
				CBAB3EE1280CE0300055CF3A /* data.json in Resources */,
				CBAB3ED0280CDE450055CF3A /* Assets.xcassets in Resources */,
			);
			runOnlyForDeploymentPostprocessing = 0;
		};
/* End PBXResourcesBuildPhase section */

/* Begin PBXSourcesBuildPhase section */
		CBAB3EC4280CDE430055CF3A /* Sources */ = {
			isa = PBXSourcesBuildPhase;
			buildActionMask = 2147483647;
			files = (
				CBAB3EE5280CE26D0055CF3A /* PeopleModel.swift in Sources */,
				CBAB3EE7280CE3F20055CF3A /* PeopleListView.swift in Sources */,
				CBAB3ECE280CDE430055CF3A /* PeopleTabView.swift in Sources */,
				CBAB3EDE280CDF550055CF3A /* People.swift in Sources */,
				CBAB3EEB280CED010055CF3A /* DisplayModel.swift in Sources */,
				CBAB3ECC280CDE430055CF3A /* PeopleAppChallengeApp.swift in Sources */,
				CBAB3EE3280CE1160055CF3A /* DataService.swift in Sources */,
			);
			runOnlyForDeploymentPostprocessing = 0;
		};
/* End PBXSourcesBuildPhase section */

/* Begin XCBuildConfiguration section */
		CBAB3ED4280CDE450055CF3A /* Debug */ = {
			isa = XCBuildConfiguration;
			buildSettings = {
				ALWAYS_SEARCH_USER_PATHS = NO;
				CLANG_ANALYZER_NONNULL = YES;
				CLANG_ANALYZER_NUMBER_OBJECT_CONVERSION = YES_AGGRESSIVE;
				CLANG_CXX_LANGUAGE_STANDARD = "gnu++17";
				CLANG_ENABLE_MODULES = YES;
				CLANG_ENABLE_OBJC_ARC = YES;
				CLANG_ENABLE_OBJC_WEAK = YES;
				CLANG_WARN_BLOCK_CAPTURE_AUTORELEASING = YES;
				CLANG_WARN_BOOL_CONVERSION = YES;
				CLANG_WARN_COMMA = YES;
				CLANG_WARN_CONSTANT_CONVERSION = YES;
				CLANG_WARN_DEPRECATED_OBJC_IMPLEMENTATIONS = YES;
				CLANG_WARN_DIRECT_OBJC_ISA_USAGE = YES_ERROR;
				CLANG_WARN_DOCUMENTATION_COMMENTS = YES;
				CLANG_WARN_EMPTY_BODY = YES;
				CLANG_WARN_ENUM_CONVERSION = YES;
				CLANG_WARN_INFINITE_RECURSION = YES;
				CLANG_WARN_INT_CONVERSION = YES;
				CLANG_WARN_NON_LITERAL_NULL_CONVERSION = YES;
				CLANG_WARN_OBJC_IMPLICIT_RETAIN_SELF = YES;
				CLANG_WARN_OBJC_LITERAL_CONVERSION = YES;
				CLANG_WARN_OBJC_ROOT_CLASS = YES_ERROR;
				CLANG_WARN_QUOTED_INCLUDE_IN_FRAMEWORK_HEADER = YES;
				CLANG_WARN_RANGE_LOOP_ANALYSIS = YES;
				CLANG_WARN_STRICT_PROTOTYPES = YES;
				CLANG_WARN_SUSPICIOUS_MOVE = YES;
				CLANG_WARN_UNGUARDED_AVAILABILITY = YES_AGGRESSIVE;
				CLANG_WARN_UNREACHABLE_CODE = YES;
				CLANG_WARN__DUPLICATE_METHOD_MATCH = YES;
				COPY_PHASE_STRIP = NO;
				DEBUG_INFORMATION_FORMAT = dwarf;
				ENABLE_STRICT_OBJC_MSGSEND = YES;
				ENABLE_TESTABILITY = YES;
				GCC_C_LANGUAGE_STANDARD = gnu11;
				GCC_DYNAMIC_NO_PIC = NO;
				GCC_NO_COMMON_BLOCKS = YES;
				GCC_OPTIMIZATION_LEVEL = 0;
				GCC_PREPROCESSOR_DEFINITIONS = (
					"DEBUG=1",
					"$(inherited)",
				);
				GCC_WARN_64_TO_32_BIT_CONVERSION = YES;
				GCC_WARN_ABOUT_RETURN_TYPE = YES_ERROR;
				GCC_WARN_UNDECLARED_SELECTOR = YES;
				GCC_WARN_UNINITIALIZED_AUTOS = YES_AGGRESSIVE;
				GCC_WARN_UNUSED_FUNCTION = YES;
				GCC_WARN_UNUSED_VARIABLE = YES;
				IPHONEOS_DEPLOYMENT_TARGET = 15.4;
				MTL_ENABLE_DEBUG_INFO = INCLUDE_SOURCE;
				MTL_FAST_MATH = YES;
				ONLY_ACTIVE_ARCH = YES;
				SDKROOT = iphoneos;
				SWIFT_ACTIVE_COMPILATION_CONDITIONS = DEBUG;
				SWIFT_OPTIMIZATION_LEVEL = "-Onone";
			};
			name = Debug;
		};
		CBAB3ED5280CDE450055CF3A /* Release */ = {
			isa = XCBuildConfiguration;
			buildSettings = {
				ALWAYS_SEARCH_USER_PATHS = NO;
				CLANG_ANALYZER_NONNULL = YES;
				CLANG_ANALYZER_NUMBER_OBJECT_CONVERSION = YES_AGGRESSIVE;
				CLANG_CXX_LANGUAGE_STANDARD = "gnu++17";
				CLANG_ENABLE_MODULES = YES;
				CLANG_ENABLE_OBJC_ARC = YES;
				CLANG_ENABLE_OBJC_WEAK = YES;
				CLANG_WARN_BLOCK_CAPTURE_AUTORELEASING = YES;
				CLANG_WARN_BOOL_CONVERSION = YES;
				CLANG_WARN_COMMA = YES;
				CLANG_WARN_CONSTANT_CONVERSION = YES;
				CLANG_WARN_DEPRECATED_OBJC_IMPLEMENTATIONS = YES;
				CLANG_WARN_DIRECT_OBJC_ISA_USAGE = YES_ERROR;
				CLANG_WARN_DOCUMENTATION_COMMENTS = YES;
				CLANG_WARN_EMPTY_BODY = YES;
				CLANG_WARN_ENUM_CONVERSION = YES;
				CLANG_WARN_INFINITE_RECURSION = YES;
				CLANG_WARN_INT_CONVERSION = YES;
				CLANG_WARN_NON_LITERAL_NULL_CONVERSION = YES;
				CLANG_WARN_OBJC_IMPLICIT_RETAIN_SELF = YES;
				CLANG_WARN_OBJC_LITERAL_CONVERSION = YES;
				CLANG_WARN_OBJC_ROOT_CLASS = YES_ERROR;
				CLANG_WARN_QUOTED_INCLUDE_IN_FRAMEWORK_HEADER = YES;
				CLANG_WARN_RANGE_LOOP_ANALYSIS = YES;
				CLANG_WARN_STRICT_PROTOTYPES = YES;
				CLANG_WARN_SUSPICIOUS_MOVE = YES;
				CLANG_WARN_UNGUARDED_AVAILABILITY = YES_AGGRESSIVE;
				CLANG_WARN_UNREACHABLE_CODE = YES;
				CLANG_WARN__DUPLICATE_METHOD_MATCH = YES;
				COPY_PHASE_STRIP = NO;
				DEBUG_INFORMATION_FORMAT = "dwarf-with-dsym";
				ENABLE_NS_ASSERTIONS = NO;
				ENABLE_STRICT_OBJC_MSGSEND = YES;
				GCC_C_LANGUAGE_STANDARD = gnu11;
				GCC_NO_COMMON_BLOCKS = YES;
				GCC_WARN_64_TO_32_BIT_CONVERSION = YES;
				GCC_WARN_ABOUT_RETURN_TYPE = YES_ERROR;
				GCC_WARN_UNDECLARED_SELECTOR = YES;
				GCC_WARN_UNINITIALIZED_AUTOS = YES_AGGRESSIVE;
				GCC_WARN_UNUSED_FUNCTION = YES;
				GCC_WARN_UNUSED_VARIABLE = YES;
				IPHONEOS_DEPLOYMENT_TARGET = 15.4;
				MTL_ENABLE_DEBUG_INFO = NO;
				MTL_FAST_MATH = YES;
				SDKROOT = iphoneos;
				SWIFT_COMPILATION_MODE = wholemodule;
				SWIFT_OPTIMIZATION_LEVEL = "-O";
				VALIDATE_PRODUCT = YES;
			};
			name = Release;
		};
		CBAB3ED7280CDE450055CF3A /* Debug */ = {
			isa = XCBuildConfiguration;
			buildSettings = {
				ASSETCATALOG_COMPILER_APPICON_NAME = AppIcon;
				ASSETCATALOG_COMPILER_GLOBAL_ACCENT_COLOR_NAME = AccentColor;
				CODE_SIGN_STYLE = Automatic;
				CURRENT_PROJECT_VERSION = 1;
				DEVELOPMENT_ASSET_PATHS = "\"PeopleAppChallenge/Preview Content\"";
				DEVELOPMENT_TEAM = JRCGD3J9C6;
				ENABLE_PREVIEWS = YES;
				GENERATE_INFOPLIST_FILE = YES;
				INFOPLIST_KEY_UIApplicationSceneManifest_Generation = YES;
				INFOPLIST_KEY_UIApplicationSupportsIndirectInputEvents = YES;
				INFOPLIST_KEY_UILaunchScreen_Generation = YES;
				INFOPLIST_KEY_UISupportedInterfaceOrientations_iPad = "UIInterfaceOrientationPortrait UIInterfaceOrientationPortraitUpsideDown UIInterfaceOrientationLandscapeLeft UIInterfaceOrientationLandscapeRight";
				INFOPLIST_KEY_UISupportedInterfaceOrientations_iPhone = "UIInterfaceOrientationPortrait UIInterfaceOrientationLandscapeLeft UIInterfaceOrientationLandscapeRight";
				LD_RUNPATH_SEARCH_PATHS = (
					"$(inherited)",
					"@executable_path/Frameworks",
				);
				MARKETING_VERSION = 1.0;
				PRODUCT_BUNDLE_IDENTIFIER = com.personal.PeopleAppChallenge;
				PRODUCT_NAME = "$(TARGET_NAME)";
				SWIFT_EMIT_LOC_STRINGS = YES;
				SWIFT_VERSION = 5.0;
				TARGETED_DEVICE_FAMILY = "1,2";
			};
			name = Debug;
		};
		CBAB3ED8280CDE450055CF3A /* Release */ = {
			isa = XCBuildConfiguration;
			buildSettings = {
				ASSETCATALOG_COMPILER_APPICON_NAME = AppIcon;
				ASSETCATALOG_COMPILER_GLOBAL_ACCENT_COLOR_NAME = AccentColor;
				CODE_SIGN_STYLE = Automatic;
				CURRENT_PROJECT_VERSION = 1;
				DEVELOPMENT_ASSET_PATHS = "\"PeopleAppChallenge/Preview Content\"";
				DEVELOPMENT_TEAM = JRCGD3J9C6;
				ENABLE_PREVIEWS = YES;
				GENERATE_INFOPLIST_FILE = YES;
				INFOPLIST_KEY_UIApplicationSceneManifest_Generation = YES;
				INFOPLIST_KEY_UIApplicationSupportsIndirectInputEvents = YES;
				INFOPLIST_KEY_UILaunchScreen_Generation = YES;
				INFOPLIST_KEY_UISupportedInterfaceOrientations_iPad = "UIInterfaceOrientationPortrait UIInterfaceOrientationPortraitUpsideDown UIInterfaceOrientationLandscapeLeft UIInterfaceOrientationLandscapeRight";
				INFOPLIST_KEY_UISupportedInterfaceOrientations_iPhone = "UIInterfaceOrientationPortrait UIInterfaceOrientationLandscapeLeft UIInterfaceOrientationLandscapeRight";
				LD_RUNPATH_SEARCH_PATHS = (
					"$(inherited)",
					"@executable_path/Frameworks",
				);
				MARKETING_VERSION = 1.0;
				PRODUCT_BUNDLE_IDENTIFIER = com.personal.PeopleAppChallenge;
				PRODUCT_NAME = "$(TARGET_NAME)";
				SWIFT_EMIT_LOC_STRINGS = YES;
				SWIFT_VERSION = 5.0;
				TARGETED_DEVICE_FAMILY = "1,2";
			};
			name = Release;
		};
/* End XCBuildConfiguration section */

/* Begin XCConfigurationList section */
		CBAB3EC3280CDE430055CF3A /* Build configuration list for PBXProject "PeopleAppChallenge" */ = {
			isa = XCConfigurationList;
			buildConfigurations = (
				CBAB3ED4280CDE450055CF3A /* Debug */,
				CBAB3ED5280CDE450055CF3A /* Release */,
			);
			defaultConfigurationIsVisible = 0;
			defaultConfigurationName = Release;
		};
		CBAB3ED6280CDE450055CF3A /* Build configuration list for PBXNativeTarget "PeopleAppChallenge" */ = {
			isa = XCConfigurationList;
			buildConfigurations = (
				CBAB3ED7280CDE450055CF3A /* Debug */,
				CBAB3ED8280CDE450055CF3A /* Release */,
			);
			defaultConfigurationIsVisible = 0;
			defaultConfigurationName = Release;
		};
/* End XCConfigurationList section */
	};
	rootObject = CBAB3EC0280CDE430055CF3A /* Project object */;
}
